// !$*UTF8*$!
{
	archiveVersion = 1;
	classes = {
	};
	objectVersion = 46;
	objects = {

/* Begin PBXBuildFile section */
		5F0CC61D1C6C51BA0071A026 /* Asap-Bold.otf in Resources */ = {isa = PBXBuildFile; fileRef = 5F0CC6171C6C51BA0071A026 /* Asap-Bold.otf */; };
		5F0CC61E1C6C51BA0071A026 /* Asap-BoldItalic.otf in Resources */ = {isa = PBXBuildFile; fileRef = 5F0CC6181C6C51BA0071A026 /* Asap-BoldItalic.otf */; };
		5F0CC61F1C6C51BA0071A026 /* Asap-Italic.otf in Resources */ = {isa = PBXBuildFile; fileRef = 5F0CC6191C6C51BA0071A026 /* Asap-Italic.otf */; };
		5F0CC6201C6C51BA0071A026 /* Asap-Medium.otf in Resources */ = {isa = PBXBuildFile; fileRef = 5F0CC61A1C6C51BA0071A026 /* Asap-Medium.otf */; };
		5F0CC6211C6C51BA0071A026 /* Asap-MediumItalic.otf in Resources */ = {isa = PBXBuildFile; fileRef = 5F0CC61B1C6C51BA0071A026 /* Asap-MediumItalic.otf */; };
		5F0CC6221C6C51BA0071A026 /* Asap-Regular.otf in Resources */ = {isa = PBXBuildFile; fileRef = 5F0CC61C1C6C51BA0071A026 /* Asap-Regular.otf */; };
		5F0CC6251C6C551E0071A026 /* FNSplitViewController.swift in Sources */ = {isa = PBXBuildFile; fileRef = 5F0CC6241C6C551E0071A026 /* FNSplitViewController.swift */; };
		5F0CC6271C6C57810071A026 /* AbrilFatface-Regular.otf in Resources */ = {isa = PBXBuildFile; fileRef = 5F0CC6261C6C577E0071A026 /* AbrilFatface-Regular.otf */; };
		5F0CC62A1C6C59CB0071A026 /* EVComplexLayout.m in Sources */ = {isa = PBXBuildFile; fileRef = 5F0CC6291C6C59CB0071A026 /* EVComplexLayout.m */; };
		5F0CC62C1C6C5A1F0071A026 /* NetImageView.swift in Sources */ = {isa = PBXBuildFile; fileRef = 5F0CC62B1C6C5A1F0071A026 /* NetImageView.swift */; };
		5F0CC62E1C6C5A320071A026 /* FeedCell.swift in Sources */ = {isa = PBXBuildFile; fileRef = 5F0CC62D1C6C5A320071A026 /* FeedCell.swift */; };
		5F0CC6311C6C5FD20071A026 /* Queues.swift in Sources */ = {isa = PBXBuildFile; fileRef = 5F0CC6301C6C5FD20071A026 /* Queues.swift */; };
		5F0CC6331C6C661A0071A026 /* CGMath.swift in Sources */ = {isa = PBXBuildFile; fileRef = 5F0CC6321C6C661A0071A026 /* CGMath.swift */; };
		5F0CC6381C6D526E0071A026 /* RobotoMono-Bold.ttf in Resources */ = {isa = PBXBuildFile; fileRef = 5F0CC6341C6D526E0071A026 /* RobotoMono-Bold.ttf */; };
		5F0CC6391C6D526E0071A026 /* RobotoMono-BoldItalic.ttf in Resources */ = {isa = PBXBuildFile; fileRef = 5F0CC6351C6D526E0071A026 /* RobotoMono-BoldItalic.ttf */; };
		5F0CC63A1C6D526E0071A026 /* RobotoMono-Italic.ttf in Resources */ = {isa = PBXBuildFile; fileRef = 5F0CC6361C6D526E0071A026 /* RobotoMono-Italic.ttf */; };
		5F0CC63B1C6D526E0071A026 /* RobotoMono-Regular.ttf in Resources */ = {isa = PBXBuildFile; fileRef = 5F0CC6371C6D526E0071A026 /* RobotoMono-Regular.ttf */; };
		5F0CC63D1C6D6BEB0071A026 /* ArticleCell.swift in Sources */ = {isa = PBXBuildFile; fileRef = 5F0CC63C1C6D6BEB0071A026 /* ArticleCell.swift */; };
		5F3054311C7CE13A00E0CFE6 /* Color.swift in Sources */ = {isa = PBXBuildFile; fileRef = 5F3054301C7CE13A00E0CFE6 /* Color.swift */; };
		5F3054331C7CE33200E0CFE6 /* SafariVCActivity.swift in Sources */ = {isa = PBXBuildFile; fileRef = 5F3054321C7CE33200E0CFE6 /* SafariVCActivity.swift */; };
		5F30543B1C7D197F00E0CFE6 /* ActionViewController.swift in Sources */ = {isa = PBXBuildFile; fileRef = 5F30543A1C7D197F00E0CFE6 /* ActionViewController.swift */; };
		5F30543E1C7D197F00E0CFE6 /* MainInterface.storyboard in Resources */ = {isa = PBXBuildFile; fileRef = 5F30543C1C7D197F00E0CFE6 /* MainInterface.storyboard */; };
		5F3054421C7D197F00E0CFE6 /* Reader.appex in Embed App Extensions */ = {isa = PBXBuildFile; fileRef = 5F3054381C7D197F00E0CFE6 /* Reader.appex */; settings = {ATTRIBUTES = (RemoveHeadersOnCopy, ); }; };
		5F3054471C7D1A3700E0CFE6 /* ArticleViewController.swift in Sources */ = {isa = PBXBuildFile; fileRef = 5FCDF4411C6BF75F00A50A75 /* ArticleViewController.swift */; };
		5F3054481C7D1A3700E0CFE6 /* TextSegmentTableViewCell.swift in Sources */ = {isa = PBXBuildFile; fileRef = 5F73F17A1C77C91600DA2981 /* TextSegmentTableViewCell.swift */; };
		5F3054491C7D1A3700E0CFE6 /* ImageSegmentTableViewCell.swift in Sources */ = {isa = PBXBuildFile; fileRef = 5F73F17C1C77C92300DA2981 /* ImageSegmentTableViewCell.swift */; };
		5F30544A1C7D1A3700E0CFE6 /* SafariVCActivity.swift in Sources */ = {isa = PBXBuildFile; fileRef = 5F3054321C7CE33200E0CFE6 /* SafariVCActivity.swift */; };
		5F30544B1C7D1A3700E0CFE6 /* SwipeAwayViewController.swift in Sources */ = {isa = PBXBuildFile; fileRef = 5F5E4DA81C700D7E009C3446 /* SwipeAwayViewController.swift */; };
		5F30544C1C7D1A3C00E0CFE6 /* APIObject.swift in Sources */ = {isa = PBXBuildFile; fileRef = 5F4A71541C631E9400676F91 /* APIObject.swift */; };
		5F30544D1C7D1A3C00E0CFE6 /* APIIdentity.swift in Sources */ = {isa = PBXBuildFile; fileRef = 5F5E4DA41C6FDEA7009C3446 /* APIIdentity.swift */; };
		5F30544E1C7D1A3C00E0CFE6 /* Feed.swift in Sources */ = {isa = PBXBuildFile; fileRef = 5F4A71581C63237300676F91 /* Feed.swift */; };
		5F30544F1C7D1A3C00E0CFE6 /* Source.swift in Sources */ = {isa = PBXBuildFile; fileRef = 5F4A71561C63236C00676F91 /* Source.swift */; };
		5F3054501C7D1A3C00E0CFE6 /* Article.swift in Sources */ = {isa = PBXBuildFile; fileRef = 5F4A715A1C63237B00676F91 /* Article.swift */; };
		5F3054511C7D1A3C00E0CFE6 /* Content.swift in Sources */ = {isa = PBXBuildFile; fileRef = 5F5E4DDB1C743389009C3446 /* Content.swift */; };
		5F3054521C7D1A3C00E0CFE6 /* SubscriptionsList.swift in Sources */ = {isa = PBXBuildFile; fileRef = 5F5706701C65E17C00140078 /* SubscriptionsList.swift */; };
		5F3054531C7D1A3C00E0CFE6 /* Subscription.swift in Sources */ = {isa = PBXBuildFile; fileRef = 5F5706721C65E18300140078 /* Subscription.swift */; };
		5F3054541C7D1A5B00E0CFE6 /* NetImageView.swift in Sources */ = {isa = PBXBuildFile; fileRef = 5F0CC62B1C6C5A1F0071A026 /* NetImageView.swift */; };
		5F3054551C7D1A5B00E0CFE6 /* Queues.swift in Sources */ = {isa = PBXBuildFile; fileRef = 5F0CC6301C6C5FD20071A026 /* Queues.swift */; };
		5F3054561C7D1A5B00E0CFE6 /* UIImage+Resize.swift in Sources */ = {isa = PBXBuildFile; fileRef = 5F5E4D9D1C6F0D29009C3446 /* UIImage+Resize.swift */; };
		5F3054571C7D1A5B00E0CFE6 /* Pusher.swift in Sources */ = {isa = PBXBuildFile; fileRef = 5F4A715C1C63288000676F91 /* Pusher.swift */; };
		5F3054581C7D1A5B00E0CFE6 /* FNSplitViewController.swift in Sources */ = {isa = PBXBuildFile; fileRef = 5F0CC6241C6C551E0071A026 /* FNSplitViewController.swift */; };
		5F3054591C7D1A5B00E0CFE6 /* EVComplexLayout.m in Sources */ = {isa = PBXBuildFile; fileRef = 5F0CC6291C6C59CB0071A026 /* EVComplexLayout.m */; };
		5F30545A1C7D1A5B00E0CFE6 /* CGMath.swift in Sources */ = {isa = PBXBuildFile; fileRef = 5F0CC6321C6C661A0071A026 /* CGMath.swift */; };
		5F30545B1C7D1A5B00E0CFE6 /* NSData+MD5.swift in Sources */ = {isa = PBXBuildFile; fileRef = 5F5E4DA21C6FDE79009C3446 /* NSData+MD5.swift */; };
		5F30545C1C7D1A5B00E0CFE6 /* Utils.swift in Sources */ = {isa = PBXBuildFile; fileRef = 5F5E4DAB1C71014D009C3446 /* Utils.swift */; };
		5F30545D1C7D1A5B00E0CFE6 /* Theme.swift in Sources */ = {isa = PBXBuildFile; fileRef = 5F5E4DAD1C710162009C3446 /* Theme.swift */; };
		5F30545E1C7D1A5B00E0CFE6 /* NSAttributedString+TrimWhitespace.swift in Sources */ = {isa = PBXBuildFile; fileRef = 5F73F1781C76A8DE00DA2981 /* NSAttributedString+TrimWhitespace.swift */; };
		5F30545F1C7D1A5B00E0CFE6 /* CommonExtensions.swift in Sources */ = {isa = PBXBuildFile; fileRef = 5FCDF43F1C6BCD6700A50A75 /* CommonExtensions.swift */; };
		5F3054601C7D1A5B00E0CFE6 /* UIImage+Tiny.swift in Sources */ = {isa = PBXBuildFile; fileRef = 5F59D8A91C791B1F00C3E1C3 /* UIImage+Tiny.swift */; };
		5F3054611C7D1A5B00E0CFE6 /* Color.swift in Sources */ = {isa = PBXBuildFile; fileRef = 5F3054301C7CE13A00E0CFE6 /* Color.swift */; };
		5F3054621C7D1A5B00E0CFE6 /* Pixel.swift in Sources */ = {isa = PBXBuildFile; fileRef = 5F59D8AB1C791D7600C3E1C3 /* Pixel.swift */; };
		5F3054631C7D1A5B00E0CFE6 /* BinarySearch.swift in Sources */ = {isa = PBXBuildFile; fileRef = 5F59D8AF1C7BC25700C3E1C3 /* BinarySearch.swift */; };
		5F3054641C7D1A6600E0CFE6 /* Assets.xcassets in Resources */ = {isa = PBXBuildFile; fileRef = 5F4A71491C6319E000676F91 /* Assets.xcassets */; };
		5F30546C1C7D1BFD00E0CFE6 /* Defs.swift in Sources */ = {isa = PBXBuildFile; fileRef = 5F30546B1C7D1BFD00E0CFE6 /* Defs.swift */; };
		5F40C3961C7D1DED00B045A4 /* SSWDirectionalPanGestureRecognizer.m in Sources */ = {isa = PBXBuildFile; fileRef = 5F40C3951C7D1DED00B045A4 /* SSWDirectionalPanGestureRecognizer.m */; };
		5F40C3971C7D1FB100B045A4 /* Main.storyboard in Resources */ = {isa = PBXBuildFile; fileRef = 5F4A71461C6319E000676F91 /* Main.storyboard */; };
		5F40C3981C7D204400B045A4 /* LeagueSpartan-Bold.otf in Resources */ = {isa = PBXBuildFile; fileRef = 5F59D8AD1C79455800C3E1C3 /* LeagueSpartan-Bold.otf */; };
		5F40C3991C7D210300B045A4 /* Defs.swift in Sources */ = {isa = PBXBuildFile; fileRef = 5F30546B1C7D1BFD00E0CFE6 /* Defs.swift */; };
		5F4A71411C6319E000676F91 /* AppDelegate.swift in Sources */ = {isa = PBXBuildFile; fileRef = 5F4A71401C6319E000676F91 /* AppDelegate.swift */; };
		5F4A71481C6319E000676F91 /* Main.storyboard in Resources */ = {isa = PBXBuildFile; fileRef = 5F4A71461C6319E000676F91 /* Main.storyboard */; };
		5F4A714A1C6319E000676F91 /* Assets.xcassets in Resources */ = {isa = PBXBuildFile; fileRef = 5F4A71491C6319E000676F91 /* Assets.xcassets */; };
		5F4A714D1C6319E000676F91 /* LaunchScreen.storyboard in Resources */ = {isa = PBXBuildFile; fileRef = 5F4A714B1C6319E000676F91 /* LaunchScreen.storyboard */; };
		5F4A71551C631E9400676F91 /* APIObject.swift in Sources */ = {isa = PBXBuildFile; fileRef = 5F4A71541C631E9400676F91 /* APIObject.swift */; };
		5F4A71571C63236C00676F91 /* Source.swift in Sources */ = {isa = PBXBuildFile; fileRef = 5F4A71561C63236C00676F91 /* Source.swift */; };
		5F4A71591C63237300676F91 /* Feed.swift in Sources */ = {isa = PBXBuildFile; fileRef = 5F4A71581C63237300676F91 /* Feed.swift */; };
		5F4A715B1C63237B00676F91 /* Article.swift in Sources */ = {isa = PBXBuildFile; fileRef = 5F4A715A1C63237B00676F91 /* Article.swift */; };
		5F4A715D1C63288000676F91 /* Pusher.swift in Sources */ = {isa = PBXBuildFile; fileRef = 5F4A715C1C63288000676F91 /* Pusher.swift */; };
		5F4C8A0C1C7E561B00DAD73C /* InlineWebView.swift in Sources */ = {isa = PBXBuildFile; fileRef = 5F4C8A0B1C7E561B00DAD73C /* InlineWebView.swift */; };
		5F4C8A0D1C7E561B00DAD73C /* InlineWebView.swift in Sources */ = {isa = PBXBuildFile; fileRef = 5F4C8A0B1C7E561B00DAD73C /* InlineWebView.swift */; };
		5F4FDB0B1C836C020049C61A /* SwipePager.swift in Sources */ = {isa = PBXBuildFile; fileRef = 5F4FDB0A1C836C020049C61A /* SwipePager.swift */; };
		5F4FDB0C1C836C0F0049C61A /* SwipePager.swift in Sources */ = {isa = PBXBuildFile; fileRef = 5F4FDB0A1C836C020049C61A /* SwipePager.swift */; };
		5F4FDB0E1C836CCE0049C61A /* ArticleSegmentCell.swift in Sources */ = {isa = PBXBuildFile; fileRef = 5F4FDB0D1C836CCE0049C61A /* ArticleSegmentCell.swift */; };
		5F4FDB0F1C836CCE0049C61A /* ArticleSegmentCell.swift in Sources */ = {isa = PBXBuildFile; fileRef = 5F4FDB0D1C836CCE0049C61A /* ArticleSegmentCell.swift */; };
		5F4FDB111C8371580049C61A /* ArticlePageView.swift in Sources */ = {isa = PBXBuildFile; fileRef = 5F4FDB101C8371580049C61A /* ArticlePageView.swift */; };
		5F4FDB121C8371580049C61A /* ArticlePageView.swift in Sources */ = {isa = PBXBuildFile; fileRef = 5F4FDB101C8371580049C61A /* ArticlePageView.swift */; };
		5F4FDB141C8381BB0049C61A /* FNNavigationController.swift in Sources */ = {isa = PBXBuildFile; fileRef = 5F4FDB131C8381BB0049C61A /* FNNavigationController.swift */; };
		5F4FDB151C8381BB0049C61A /* FNNavigationController.swift in Sources */ = {isa = PBXBuildFile; fileRef = 5F4FDB131C8381BB0049C61A /* FNNavigationController.swift */; };
		5F57066F1C63C74400140078 /* FeedViewController.swift in Sources */ = {isa = PBXBuildFile; fileRef = 5F57066E1C63C74400140078 /* FeedViewController.swift */; };
		5F5706711C65E17C00140078 /* SubscriptionsList.swift in Sources */ = {isa = PBXBuildFile; fileRef = 5F5706701C65E17C00140078 /* SubscriptionsList.swift */; };
		5F5706731C65E18300140078 /* Subscription.swift in Sources */ = {isa = PBXBuildFile; fileRef = 5F5706721C65E18300140078 /* Subscription.swift */; };
		5F5706771C6636C400140078 /* SubscriptionsViewController.swift in Sources */ = {isa = PBXBuildFile; fileRef = 5F5706761C6636C400140078 /* SubscriptionsViewController.swift */; };
		5F59D8AA1C791B1F00C3E1C3 /* UIImage+Tiny.swift in Sources */ = {isa = PBXBuildFile; fileRef = 5F59D8A91C791B1F00C3E1C3 /* UIImage+Tiny.swift */; };
		5F59D8AC1C791D7600C3E1C3 /* Pixel.swift in Sources */ = {isa = PBXBuildFile; fileRef = 5F59D8AB1C791D7600C3E1C3 /* Pixel.swift */; };
		5F59D8AE1C79455800C3E1C3 /* LeagueSpartan-Bold.otf in Resources */ = {isa = PBXBuildFile; fileRef = 5F59D8AD1C79455800C3E1C3 /* LeagueSpartan-Bold.otf */; };
		5F59D8B01C7BC25700C3E1C3 /* BinarySearch.swift in Sources */ = {isa = PBXBuildFile; fileRef = 5F59D8AF1C7BC25700C3E1C3 /* BinarySearch.swift */; };
		5F5E4D981C6E434C009C3446 /* BookmarksViewController.swift in Sources */ = {isa = PBXBuildFile; fileRef = 5F5E4D971C6E434C009C3446 /* BookmarksViewController.swift */; };
		5F5E4D9A1C6E45A1009C3446 /* ArticleView.swift in Sources */ = {isa = PBXBuildFile; fileRef = 5F5E4D991C6E45A1009C3446 /* ArticleView.swift */; };
		5F5E4D9E1C6F0D29009C3446 /* UIImage+Resize.swift in Sources */ = {isa = PBXBuildFile; fileRef = 5F5E4D9D1C6F0D29009C3446 /* UIImage+Resize.swift */; };
		5F5E4DA31C6FDE79009C3446 /* NSData+MD5.swift in Sources */ = {isa = PBXBuildFile; fileRef = 5F5E4DA21C6FDE79009C3446 /* NSData+MD5.swift */; };
		5F5E4DA51C6FDEA7009C3446 /* APIIdentity.swift in Sources */ = {isa = PBXBuildFile; fileRef = 5F5E4DA41C6FDEA7009C3446 /* APIIdentity.swift */; };
		5F5E4DA91C700D7E009C3446 /* SwipeAwayViewController.swift in Sources */ = {isa = PBXBuildFile; fileRef = 5F5E4DA81C700D7E009C3446 /* SwipeAwayViewController.swift */; };
		5F5E4DAC1C71014D009C3446 /* Utils.swift in Sources */ = {isa = PBXBuildFile; fileRef = 5F5E4DAB1C71014D009C3446 /* Utils.swift */; };
		5F5E4DAE1C710162009C3446 /* Theme.swift in Sources */ = {isa = PBXBuildFile; fileRef = 5F5E4DAD1C710162009C3446 /* Theme.swift */; };
		5F5E4DDC1C743389009C3446 /* Content.swift in Sources */ = {isa = PBXBuildFile; fileRef = 5F5E4DDB1C743389009C3446 /* Content.swift */; };
		5F73F1791C76A8DF00DA2981 /* NSAttributedString+TrimWhitespace.swift in Sources */ = {isa = PBXBuildFile; fileRef = 5F73F1781C76A8DE00DA2981 /* NSAttributedString+TrimWhitespace.swift */; };
		5F73F17B1C77C91600DA2981 /* TextSegmentTableViewCell.swift in Sources */ = {isa = PBXBuildFile; fileRef = 5F73F17A1C77C91600DA2981 /* TextSegmentTableViewCell.swift */; };
		5F73F17D1C77C92300DA2981 /* ImageSegmentTableViewCell.swift in Sources */ = {isa = PBXBuildFile; fileRef = 5F73F17C1C77C92300DA2981 /* ImageSegmentTableViewCell.swift */; };
		5F8D9F321C6C0AFE00F0FFBE /* EnableSPDY.m in Sources */ = {isa = PBXBuildFile; fileRef = 5F8D9F311C6C0AFE00F0FFBE /* EnableSPDY.m */; };
		5FCDF4401C6BCD6700A50A75 /* CommonExtensions.swift in Sources */ = {isa = PBXBuildFile; fileRef = 5FCDF43F1C6BCD6700A50A75 /* CommonExtensions.swift */; };
		5FCDF4421C6BF75F00A50A75 /* ArticleViewController.swift in Sources */ = {isa = PBXBuildFile; fileRef = 5FCDF4411C6BF75F00A50A75 /* ArticleViewController.swift */; };
		5FCDF4441C6BF77000A50A75 /* SourceViewController.swift in Sources */ = {isa = PBXBuildFile; fileRef = 5FCDF4431C6BF77000A50A75 /* SourceViewController.swift */; };
		5FCDF4481C6BFAFB00A50A75 /* ArticleCollectionViewController.swift in Sources */ = {isa = PBXBuildFile; fileRef = 5FCDF4471C6BFAFB00A50A75 /* ArticleCollectionViewController.swift */; };
		725D858EB45B62776BD1EC87 /* Pods_fast_news_ios.framework in Frameworks */ = {isa = PBXBuildFile; fileRef = 7B28AF43A8234C24ACECEB84 /* Pods_fast_news_ios.framework */; };
/* End PBXBuildFile section */

/* Begin PBXContainerItemProxy section */
		5F3054401C7D197F00E0CFE6 /* PBXContainerItemProxy */ = {
			isa = PBXContainerItemProxy;
			containerPortal = 5F4A71351C6319E000676F91 /* Project object */;
			proxyType = 1;
			remoteGlobalIDString = 5F3054371C7D197F00E0CFE6;
			remoteInfo = Reader;
		};
/* End PBXContainerItemProxy section */

/* Begin PBXCopyFilesBuildPhase section */
		5F3054461C7D198000E0CFE6 /* Embed App Extensions */ = {
			isa = PBXCopyFilesBuildPhase;
			buildActionMask = 2147483647;
			dstPath = "";
			dstSubfolderSpec = 13;
			files = (
				5F3054421C7D197F00E0CFE6 /* Reader.appex in Embed App Extensions */,
			);
			name = "Embed App Extensions";
			runOnlyForDeploymentPostprocessing = 0;
		};
/* End PBXCopyFilesBuildPhase section */

/* Begin PBXFileReference section */
		5F0CC6171C6C51BA0071A026 /* Asap-Bold.otf */ = {isa = PBXFileReference; lastKnownFileType = file; path = "Asap-Bold.otf"; sourceTree = "<group>"; };
		5F0CC6181C6C51BA0071A026 /* Asap-BoldItalic.otf */ = {isa = PBXFileReference; lastKnownFileType = file; path = "Asap-BoldItalic.otf"; sourceTree = "<group>"; };
		5F0CC6191C6C51BA0071A026 /* Asap-Italic.otf */ = {isa = PBXFileReference; lastKnownFileType = file; path = "Asap-Italic.otf"; sourceTree = "<group>"; };
		5F0CC61A1C6C51BA0071A026 /* Asap-Medium.otf */ = {isa = PBXFileReference; lastKnownFileType = file; path = "Asap-Medium.otf"; sourceTree = "<group>"; };
		5F0CC61B1C6C51BA0071A026 /* Asap-MediumItalic.otf */ = {isa = PBXFileReference; lastKnownFileType = file; path = "Asap-MediumItalic.otf"; sourceTree = "<group>"; };
		5F0CC61C1C6C51BA0071A026 /* Asap-Regular.otf */ = {isa = PBXFileReference; lastKnownFileType = file; path = "Asap-Regular.otf"; sourceTree = "<group>"; };
		5F0CC6241C6C551E0071A026 /* FNSplitViewController.swift */ = {isa = PBXFileReference; fileEncoding = 4; lastKnownFileType = sourcecode.swift; path = FNSplitViewController.swift; sourceTree = "<group>"; };
		5F0CC6261C6C577E0071A026 /* AbrilFatface-Regular.otf */ = {isa = PBXFileReference; lastKnownFileType = file; path = "AbrilFatface-Regular.otf"; sourceTree = "<group>"; };
		5F0CC6281C6C59CB0071A026 /* EVComplexLayout.h */ = {isa = PBXFileReference; fileEncoding = 4; lastKnownFileType = sourcecode.c.h; path = EVComplexLayout.h; sourceTree = "<group>"; };
		5F0CC6291C6C59CB0071A026 /* EVComplexLayout.m */ = {isa = PBXFileReference; fileEncoding = 4; lastKnownFileType = sourcecode.c.objc; path = EVComplexLayout.m; sourceTree = "<group>"; };
		5F0CC62B1C6C5A1F0071A026 /* NetImageView.swift */ = {isa = PBXFileReference; fileEncoding = 4; lastKnownFileType = sourcecode.swift; path = NetImageView.swift; sourceTree = "<group>"; };
		5F0CC62D1C6C5A320071A026 /* FeedCell.swift */ = {isa = PBXFileReference; fileEncoding = 4; lastKnownFileType = sourcecode.swift; path = FeedCell.swift; sourceTree = "<group>"; };
		5F0CC6301C6C5FD20071A026 /* Queues.swift */ = {isa = PBXFileReference; fileEncoding = 4; lastKnownFileType = sourcecode.swift; path = Queues.swift; sourceTree = "<group>"; };
		5F0CC6321C6C661A0071A026 /* CGMath.swift */ = {isa = PBXFileReference; fileEncoding = 4; lastKnownFileType = sourcecode.swift; path = CGMath.swift; sourceTree = "<group>"; };
		5F0CC6341C6D526E0071A026 /* RobotoMono-Bold.ttf */ = {isa = PBXFileReference; lastKnownFileType = file; path = "RobotoMono-Bold.ttf"; sourceTree = "<group>"; };
		5F0CC6351C6D526E0071A026 /* RobotoMono-BoldItalic.ttf */ = {isa = PBXFileReference; lastKnownFileType = file; path = "RobotoMono-BoldItalic.ttf"; sourceTree = "<group>"; };
		5F0CC6361C6D526E0071A026 /* RobotoMono-Italic.ttf */ = {isa = PBXFileReference; lastKnownFileType = file; path = "RobotoMono-Italic.ttf"; sourceTree = "<group>"; };
		5F0CC6371C6D526E0071A026 /* RobotoMono-Regular.ttf */ = {isa = PBXFileReference; lastKnownFileType = file; path = "RobotoMono-Regular.ttf"; sourceTree = "<group>"; };
		5F0CC63C1C6D6BEB0071A026 /* ArticleCell.swift */ = {isa = PBXFileReference; fileEncoding = 4; lastKnownFileType = sourcecode.swift; path = ArticleCell.swift; sourceTree = "<group>"; };
		5F3054301C7CE13A00E0CFE6 /* Color.swift */ = {isa = PBXFileReference; fileEncoding = 4; lastKnownFileType = sourcecode.swift; path = Color.swift; sourceTree = "<group>"; };
		5F3054321C7CE33200E0CFE6 /* SafariVCActivity.swift */ = {isa = PBXFileReference; fileEncoding = 4; lastKnownFileType = sourcecode.swift; path = SafariVCActivity.swift; sourceTree = "<group>"; };
		5F3054381C7D197F00E0CFE6 /* Reader.appex */ = {isa = PBXFileReference; explicitFileType = "wrapper.app-extension"; includeInIndex = 0; path = Reader.appex; sourceTree = BUILT_PRODUCTS_DIR; };
		5F30543A1C7D197F00E0CFE6 /* ActionViewController.swift */ = {isa = PBXFileReference; lastKnownFileType = sourcecode.swift; path = ActionViewController.swift; sourceTree = "<group>"; };
		5F30543D1C7D197F00E0CFE6 /* Base */ = {isa = PBXFileReference; lastKnownFileType = file.storyboard; name = Base; path = Base.lproj/MainInterface.storyboard; sourceTree = "<group>"; };
		5F30543F1C7D197F00E0CFE6 /* Info.plist */ = {isa = PBXFileReference; lastKnownFileType = text.plist.xml; path = Info.plist; sourceTree = "<group>"; };
		5F3054681C7D1B8400E0CFE6 /* Reader-bridging-header.h */ = {isa = PBXFileReference; lastKnownFileType = sourcecode.c.h; path = "Reader-bridging-header.h"; sourceTree = "<group>"; };
		5F30546B1C7D1BFD00E0CFE6 /* Defs.swift */ = {isa = PBXFileReference; fileEncoding = 4; lastKnownFileType = sourcecode.swift; path = Defs.swift; sourceTree = "<group>"; };
		5F40C3951C7D1DED00B045A4 /* SSWDirectionalPanGestureRecognizer.m */ = {isa = PBXFileReference; fileEncoding = 4; lastKnownFileType = sourcecode.c.objc; path = SSWDirectionalPanGestureRecognizer.m; sourceTree = "<group>"; };
		5F40C39A1C7D215400B045A4 /* Reader.entitlements */ = {isa = PBXFileReference; lastKnownFileType = text.xml; path = Reader.entitlements; sourceTree = "<group>"; };
		5F4A713D1C6319E000676F91 /* fast-news-ios.app */ = {isa = PBXFileReference; explicitFileType = wrapper.application; includeInIndex = 0; path = "fast-news-ios.app"; sourceTree = BUILT_PRODUCTS_DIR; };
		5F4A71401C6319E000676F91 /* AppDelegate.swift */ = {isa = PBXFileReference; lastKnownFileType = sourcecode.swift; path = AppDelegate.swift; sourceTree = "<group>"; };
		5F4A71471C6319E000676F91 /* Base */ = {isa = PBXFileReference; lastKnownFileType = file.storyboard; name = Base; path = Base.lproj/Main.storyboard; sourceTree = "<group>"; };
		5F4A71491C6319E000676F91 /* Assets.xcassets */ = {isa = PBXFileReference; lastKnownFileType = folder.assetcatalog; path = Assets.xcassets; sourceTree = "<group>"; };
		5F4A714C1C6319E000676F91 /* Base */ = {isa = PBXFileReference; lastKnownFileType = file.storyboard; name = Base; path = Base.lproj/LaunchScreen.storyboard; sourceTree = "<group>"; };
		5F4A714E1C6319E000676F91 /* Info.plist */ = {isa = PBXFileReference; lastKnownFileType = text.plist.xml; path = Info.plist; sourceTree = "<group>"; };
		5F4A71541C631E9400676F91 /* APIObject.swift */ = {isa = PBXFileReference; fileEncoding = 4; lastKnownFileType = sourcecode.swift; path = APIObject.swift; sourceTree = "<group>"; };
		5F4A71561C63236C00676F91 /* Source.swift */ = {isa = PBXFileReference; fileEncoding = 4; lastKnownFileType = sourcecode.swift; path = Source.swift; sourceTree = "<group>"; };
		5F4A71581C63237300676F91 /* Feed.swift */ = {isa = PBXFileReference; fileEncoding = 4; lastKnownFileType = sourcecode.swift; path = Feed.swift; sourceTree = "<group>"; };
		5F4A715A1C63237B00676F91 /* Article.swift */ = {isa = PBXFileReference; fileEncoding = 4; lastKnownFileType = sourcecode.swift; path = Article.swift; sourceTree = "<group>"; };
		5F4A715C1C63288000676F91 /* Pusher.swift */ = {isa = PBXFileReference; fileEncoding = 4; lastKnownFileType = sourcecode.swift; path = Pusher.swift; sourceTree = "<group>"; };
		5F4C8A0B1C7E561B00DAD73C /* InlineWebView.swift */ = {isa = PBXFileReference; fileEncoding = 4; lastKnownFileType = sourcecode.swift; path = InlineWebView.swift; sourceTree = "<group>"; };
		5F4FDB0A1C836C020049C61A /* SwipePager.swift */ = {isa = PBXFileReference; fileEncoding = 4; lastKnownFileType = sourcecode.swift; path = SwipePager.swift; sourceTree = "<group>"; };
		5F4FDB0D1C836CCE0049C61A /* ArticleSegmentCell.swift */ = {isa = PBXFileReference; fileEncoding = 4; lastKnownFileType = sourcecode.swift; path = ArticleSegmentCell.swift; sourceTree = "<group>"; };
		5F4FDB101C8371580049C61A /* ArticlePageView.swift */ = {isa = PBXFileReference; fileEncoding = 4; lastKnownFileType = sourcecode.swift; path = ArticlePageView.swift; sourceTree = "<group>"; };
		5F4FDB131C8381BB0049C61A /* FNNavigationController.swift */ = {isa = PBXFileReference; fileEncoding = 4; lastKnownFileType = sourcecode.swift; path = FNNavigationController.swift; sourceTree = "<group>"; };
		5F57066E1C63C74400140078 /* FeedViewController.swift */ = {isa = PBXFileReference; fileEncoding = 4; lastKnownFileType = sourcecode.swift; path = FeedViewController.swift; sourceTree = "<group>"; };
		5F5706701C65E17C00140078 /* SubscriptionsList.swift */ = {isa = PBXFileReference; fileEncoding = 4; lastKnownFileType = sourcecode.swift; path = SubscriptionsList.swift; sourceTree = "<group>"; };
		5F5706721C65E18300140078 /* Subscription.swift */ = {isa = PBXFileReference; fileEncoding = 4; lastKnownFileType = sourcecode.swift; path = Subscription.swift; sourceTree = "<group>"; };
		5F5706761C6636C400140078 /* SubscriptionsViewController.swift */ = {isa = PBXFileReference; fileEncoding = 4; lastKnownFileType = sourcecode.swift; path = SubscriptionsViewController.swift; sourceTree = "<group>"; };
		5F59D8A91C791B1F00C3E1C3 /* UIImage+Tiny.swift */ = {isa = PBXFileReference; fileEncoding = 4; lastKnownFileType = sourcecode.swift; path = "UIImage+Tiny.swift"; sourceTree = "<group>"; };
		5F59D8AB1C791D7600C3E1C3 /* Pixel.swift */ = {isa = PBXFileReference; fileEncoding = 4; lastKnownFileType = sourcecode.swift; path = Pixel.swift; sourceTree = "<group>"; };
		5F59D8AD1C79455800C3E1C3 /* LeagueSpartan-Bold.otf */ = {isa = PBXFileReference; lastKnownFileType = file; path = "LeagueSpartan-Bold.otf"; sourceTree = "<group>"; };
		5F59D8AF1C7BC25700C3E1C3 /* BinarySearch.swift */ = {isa = PBXFileReference; fileEncoding = 4; lastKnownFileType = sourcecode.swift; path = BinarySearch.swift; sourceTree = "<group>"; };
		5F5E4D971C6E434C009C3446 /* BookmarksViewController.swift */ = {isa = PBXFileReference; fileEncoding = 4; lastKnownFileType = sourcecode.swift; path = BookmarksViewController.swift; sourceTree = "<group>"; };
		5F5E4D991C6E45A1009C3446 /* ArticleView.swift */ = {isa = PBXFileReference; fileEncoding = 4; lastKnownFileType = sourcecode.swift; path = ArticleView.swift; sourceTree = "<group>"; };
		5F5E4D9D1C6F0D29009C3446 /* UIImage+Resize.swift */ = {isa = PBXFileReference; fileEncoding = 4; lastKnownFileType = sourcecode.swift; path = "UIImage+Resize.swift"; sourceTree = "<group>"; };
		5F5E4DA11C6FD4AB009C3446 /* fast-news-ios.entitlements */ = {isa = PBXFileReference; lastKnownFileType = text.xml; path = "fast-news-ios.entitlements"; sourceTree = "<group>"; };
		5F5E4DA21C6FDE79009C3446 /* NSData+MD5.swift */ = {isa = PBXFileReference; fileEncoding = 4; lastKnownFileType = sourcecode.swift; path = "NSData+MD5.swift"; sourceTree = "<group>"; };
		5F5E4DA41C6FDEA7009C3446 /* APIIdentity.swift */ = {isa = PBXFileReference; fileEncoding = 4; lastKnownFileType = sourcecode.swift; path = APIIdentity.swift; sourceTree = "<group>"; };
		5F5E4DA81C700D7E009C3446 /* SwipeAwayViewController.swift */ = {isa = PBXFileReference; fileEncoding = 4; lastKnownFileType = sourcecode.swift; path = SwipeAwayViewController.swift; sourceTree = "<group>"; };
		5F5E4DAA1C701BE6009C3446 /* SSWDirectionalPanGestureRecognizer.h */ = {isa = PBXFileReference; lastKnownFileType = sourcecode.c.h; path = SSWDirectionalPanGestureRecognizer.h; sourceTree = "<group>"; };
		5F5E4DAB1C71014D009C3446 /* Utils.swift */ = {isa = PBXFileReference; fileEncoding = 4; lastKnownFileType = sourcecode.swift; path = Utils.swift; sourceTree = "<group>"; };
		5F5E4DAD1C710162009C3446 /* Theme.swift */ = {isa = PBXFileReference; fileEncoding = 4; lastKnownFileType = sourcecode.swift; path = Theme.swift; sourceTree = "<group>"; };
		5F5E4DDB1C743389009C3446 /* Content.swift */ = {isa = PBXFileReference; fileEncoding = 4; lastKnownFileType = sourcecode.swift; path = Content.swift; sourceTree = "<group>"; };
		5F73F1781C76A8DE00DA2981 /* NSAttributedString+TrimWhitespace.swift */ = {isa = PBXFileReference; fileEncoding = 4; lastKnownFileType = sourcecode.swift; path = "NSAttributedString+TrimWhitespace.swift"; sourceTree = "<group>"; };
		5F73F17A1C77C91600DA2981 /* TextSegmentTableViewCell.swift */ = {isa = PBXFileReference; fileEncoding = 4; lastKnownFileType = sourcecode.swift; path = TextSegmentTableViewCell.swift; sourceTree = "<group>"; };
		5F73F17C1C77C92300DA2981 /* ImageSegmentTableViewCell.swift */ = {isa = PBXFileReference; fileEncoding = 4; lastKnownFileType = sourcecode.swift; path = ImageSegmentTableViewCell.swift; sourceTree = "<group>"; };
		5F8D9F2C1C6C08DC00F0FFBE /* fast-news-ios-Bridging-Header.h */ = {isa = PBXFileReference; lastKnownFileType = sourcecode.c.h; path = "fast-news-ios-Bridging-Header.h"; sourceTree = "<group>"; };
		5F8D9F301C6C0AFE00F0FFBE /* EnableSPDY.h */ = {isa = PBXFileReference; fileEncoding = 4; lastKnownFileType = sourcecode.c.h; path = EnableSPDY.h; sourceTree = "<group>"; };
		5F8D9F311C6C0AFE00F0FFBE /* EnableSPDY.m */ = {isa = PBXFileReference; fileEncoding = 4; lastKnownFileType = sourcecode.c.objc; path = EnableSPDY.m; sourceTree = "<group>"; };
		5FCDF43F1C6BCD6700A50A75 /* CommonExtensions.swift */ = {isa = PBXFileReference; fileEncoding = 4; lastKnownFileType = sourcecode.swift; path = CommonExtensions.swift; sourceTree = "<group>"; };
		5FCDF4411C6BF75F00A50A75 /* ArticleViewController.swift */ = {isa = PBXFileReference; fileEncoding = 4; lastKnownFileType = sourcecode.swift; path = ArticleViewController.swift; sourceTree = "<group>"; };
		5FCDF4431C6BF77000A50A75 /* SourceViewController.swift */ = {isa = PBXFileReference; fileEncoding = 4; lastKnownFileType = sourcecode.swift; path = SourceViewController.swift; sourceTree = "<group>"; };
		5FCDF4471C6BFAFB00A50A75 /* ArticleCollectionViewController.swift */ = {isa = PBXFileReference; fileEncoding = 4; lastKnownFileType = sourcecode.swift; path = ArticleCollectionViewController.swift; sourceTree = "<group>"; };
		7B28AF43A8234C24ACECEB84 /* Pods_fast_news_ios.framework */ = {isa = PBXFileReference; explicitFileType = wrapper.framework; includeInIndex = 0; path = Pods_fast_news_ios.framework; sourceTree = BUILT_PRODUCTS_DIR; };
		C0848AEAC746D72B580AA7EF /* Pods-fast-news-ios.debug.xcconfig */ = {isa = PBXFileReference; includeInIndex = 1; lastKnownFileType = text.xcconfig; name = "Pods-fast-news-ios.debug.xcconfig"; path = "Pods/Target Support Files/Pods-fast-news-ios/Pods-fast-news-ios.debug.xcconfig"; sourceTree = "<group>"; };
		C8692EA5BF694EAB0375ECAB /* Pods-fast-news-ios.release.xcconfig */ = {isa = PBXFileReference; includeInIndex = 1; lastKnownFileType = text.xcconfig; name = "Pods-fast-news-ios.release.xcconfig"; path = "Pods/Target Support Files/Pods-fast-news-ios/Pods-fast-news-ios.release.xcconfig"; sourceTree = "<group>"; };
/* End PBXFileReference section */

/* Begin PBXFrameworksBuildPhase section */
		5F3054351C7D197F00E0CFE6 /* Frameworks */ = {
			isa = PBXFrameworksBuildPhase;
			buildActionMask = 2147483647;
			files = (
			);
			runOnlyForDeploymentPostprocessing = 0;
		};
		5F4A713A1C6319E000676F91 /* Frameworks */ = {
			isa = PBXFrameworksBuildPhase;
			buildActionMask = 2147483647;
			files = (
				725D858EB45B62776BD1EC87 /* Pods_fast_news_ios.framework in Frameworks */,
			);
			runOnlyForDeploymentPostprocessing = 0;
		};
/* End PBXFrameworksBuildPhase section */

/* Begin PBXGroup section */
		1272B8B8F849D0A99CA31AB3 /* Frameworks */ = {
			isa = PBXGroup;
			children = (
				7B28AF43A8234C24ACECEB84 /* Pods_fast_news_ios.framework */,
			);
			name = Frameworks;
			sourceTree = "<group>";
		};
		5F0CC6231C6C51BE0071A026 /* Fonts */ = {
			isa = PBXGroup;
			children = (
				5F0CC6261C6C577E0071A026 /* AbrilFatface-Regular.otf */,
				5F0CC6171C6C51BA0071A026 /* Asap-Bold.otf */,
				5F0CC6181C6C51BA0071A026 /* Asap-BoldItalic.otf */,
				5F0CC6191C6C51BA0071A026 /* Asap-Italic.otf */,
				5F0CC61A1C6C51BA0071A026 /* Asap-Medium.otf */,
				5F0CC61B1C6C51BA0071A026 /* Asap-MediumItalic.otf */,
				5F0CC61C1C6C51BA0071A026 /* Asap-Regular.otf */,
				5F0CC6341C6D526E0071A026 /* RobotoMono-Bold.ttf */,
				5F0CC6351C6D526E0071A026 /* RobotoMono-BoldItalic.ttf */,
				5F0CC6361C6D526E0071A026 /* RobotoMono-Italic.ttf */,
				5F0CC6371C6D526E0071A026 /* RobotoMono-Regular.ttf */,
				5F59D8AD1C79455800C3E1C3 /* LeagueSpartan-Bold.otf */,
			);
			name = Fonts;
			sourceTree = "<group>";
		};
		5F0CC62F1C6C5A410071A026 /* Feeds */ = {
			isa = PBXGroup;
			children = (
				5FCDF4471C6BFAFB00A50A75 /* ArticleCollectionViewController.swift */,
				5F57066E1C63C74400140078 /* FeedViewController.swift */,
				5F0CC62D1C6C5A320071A026 /* FeedCell.swift */,
				5F5E4D991C6E45A1009C3446 /* ArticleView.swift */,
				5F0CC63C1C6D6BEB0071A026 /* ArticleCell.swift */,
				5FCDF4431C6BF77000A50A75 /* SourceViewController.swift */,
				5F5E4D971C6E434C009C3446 /* BookmarksViewController.swift */,
			);
			name = Feeds;
			sourceTree = "<group>";
		};
		5F3054391C7D197F00E0CFE6 /* Reader */ = {
			isa = PBXGroup;
			children = (
				5F40C39A1C7D215400B045A4 /* Reader.entitlements */,
				5F30543A1C7D197F00E0CFE6 /* ActionViewController.swift */,
				5F3054681C7D1B8400E0CFE6 /* Reader-bridging-header.h */,
				5F30543C1C7D197F00E0CFE6 /* MainInterface.storyboard */,
				5F40C3951C7D1DED00B045A4 /* SSWDirectionalPanGestureRecognizer.m */,
				5F30543F1C7D197F00E0CFE6 /* Info.plist */,
			);
			path = Reader;
			sourceTree = "<group>";
		};
		5F4A71341C6319E000676F91 = {
			isa = PBXGroup;
			children = (
				5F4A713F1C6319E000676F91 /* fast-news-ios */,
				5F3054391C7D197F00E0CFE6 /* Reader */,
				5F4A713E1C6319E000676F91 /* Products */,
				E317CF0C2C82A3FB71929AB1 /* Pods */,
				1272B8B8F849D0A99CA31AB3 /* Frameworks */,
			);
			sourceTree = "<group>";
		};
		5F4A713E1C6319E000676F91 /* Products */ = {
			isa = PBXGroup;
			children = (
				5F4A713D1C6319E000676F91 /* fast-news-ios.app */,
				5F3054381C7D197F00E0CFE6 /* Reader.appex */,
			);
			name = Products;
			sourceTree = "<group>";
		};
		5F4A713F1C6319E000676F91 /* fast-news-ios */ = {
			isa = PBXGroup;
			children = (
				5F4A71401C6319E000676F91 /* AppDelegate.swift */,
				5F30546B1C7D1BFD00E0CFE6 /* Defs.swift */,
				5F8D9F2A1C6BFF7300F0FFBE /* View controllers */,
				5F8D9F291C6BFF6C00F0FFBE /* Models */,
				5F8D9F2B1C6BFF7B00F0FFBE /* Utilities */,
				5F4A71461C6319E000676F91 /* Main.storyboard */,
				5F4A71491C6319E000676F91 /* Assets.xcassets */,
				5F0CC6231C6C51BE0071A026 /* Fonts */,
				5F5E4DA11C6FD4AB009C3446 /* fast-news-ios.entitlements */,
				5F4A714B1C6319E000676F91 /* LaunchScreen.storyboard */,
				5F8D9F2C1C6C08DC00F0FFBE /* fast-news-ios-Bridging-Header.h */,
				5F4A714E1C6319E000676F91 /* Info.plist */,
			);
			path = "fast-news-ios";
			sourceTree = "<group>";
		};
		5F73F17E1C77C92700DA2981 /* Reading */ = {
			isa = PBXGroup;
			children = (
				5FCDF4411C6BF75F00A50A75 /* ArticleViewController.swift */,
				5F4FDB101C8371580049C61A /* ArticlePageView.swift */,
				5F4FDB0D1C836CCE0049C61A /* ArticleSegmentCell.swift */,
				5F73F17A1C77C91600DA2981 /* TextSegmentTableViewCell.swift */,
				5F4C8A0B1C7E561B00DAD73C /* InlineWebView.swift */,
				5F73F17C1C77C92300DA2981 /* ImageSegmentTableViewCell.swift */,
				5F3054321C7CE33200E0CFE6 /* SafariVCActivity.swift */,
			);
			name = Reading;
			sourceTree = "<group>";
		};
		5F8D9F291C6BFF6C00F0FFBE /* Models */ = {
			isa = PBXGroup;
			children = (
				5F4A71541C631E9400676F91 /* APIObject.swift */,
				5F5E4DA41C6FDEA7009C3446 /* APIIdentity.swift */,
				5F4A71581C63237300676F91 /* Feed.swift */,
				5F4A71561C63236C00676F91 /* Source.swift */,
				5F4A715A1C63237B00676F91 /* Article.swift */,
				5F5E4DDB1C743389009C3446 /* Content.swift */,
				5F5706701C65E17C00140078 /* SubscriptionsList.swift */,
				5F5706721C65E18300140078 /* Subscription.swift */,
			);
			name = Models;
			sourceTree = "<group>";
		};
		5F8D9F2A1C6BFF7300F0FFBE /* View controllers */ = {
			isa = PBXGroup;
			children = (
				5F0CC62F1C6C5A410071A026 /* Feeds */,
				5F73F17E1C77C92700DA2981 /* Reading */,
				5F5E4DA81C700D7E009C3446 /* SwipeAwayViewController.swift */,
				5F5706761C6636C400140078 /* SubscriptionsViewController.swift */,
			);
			name = "View controllers";
			sourceTree = "<group>";
		};
		5F8D9F2B1C6BFF7B00F0FFBE /* Utilities */ = {
			isa = PBXGroup;
			children = (
				5F4FDB0A1C836C020049C61A /* SwipePager.swift */,
				5F5E4DAA1C701BE6009C3446 /* SSWDirectionalPanGestureRecognizer.h */,
				5F4FDB131C8381BB0049C61A /* FNNavigationController.swift */,
				5F8D9F301C6C0AFE00F0FFBE /* EnableSPDY.h */,
				5F8D9F311C6C0AFE00F0FFBE /* EnableSPDY.m */,
				5F0CC62B1C6C5A1F0071A026 /* NetImageView.swift */,
				5F0CC6301C6C5FD20071A026 /* Queues.swift */,
				5F5E4D9D1C6F0D29009C3446 /* UIImage+Resize.swift */,
				5F4A715C1C63288000676F91 /* Pusher.swift */,
				5F0CC6241C6C551E0071A026 /* FNSplitViewController.swift */,
				5F0CC6281C6C59CB0071A026 /* EVComplexLayout.h */,
				5F0CC6291C6C59CB0071A026 /* EVComplexLayout.m */,
				5F0CC6321C6C661A0071A026 /* CGMath.swift */,
				5F5E4DA21C6FDE79009C3446 /* NSData+MD5.swift */,
				5F5E4DAB1C71014D009C3446 /* Utils.swift */,
				5F5E4DAD1C710162009C3446 /* Theme.swift */,
				5F73F1781C76A8DE00DA2981 /* NSAttributedString+TrimWhitespace.swift */,
				5FCDF43F1C6BCD6700A50A75 /* CommonExtensions.swift */,
				5F59D8A91C791B1F00C3E1C3 /* UIImage+Tiny.swift */,
				5F3054301C7CE13A00E0CFE6 /* Color.swift */,
				5F59D8AB1C791D7600C3E1C3 /* Pixel.swift */,
				5F59D8AF1C7BC25700C3E1C3 /* BinarySearch.swift */,
			);
			name = Utilities;
			sourceTree = "<group>";
		};
		E317CF0C2C82A3FB71929AB1 /* Pods */ = {
			isa = PBXGroup;
			children = (
				C0848AEAC746D72B580AA7EF /* Pods-fast-news-ios.debug.xcconfig */,
				C8692EA5BF694EAB0375ECAB /* Pods-fast-news-ios.release.xcconfig */,
			);
			name = Pods;
			sourceTree = "<group>";
		};
/* End PBXGroup section */

/* Begin PBXNativeTarget section */
		5F3054371C7D197F00E0CFE6 /* Reader */ = {
			isa = PBXNativeTarget;
			buildConfigurationList = 5F3054451C7D198000E0CFE6 /* Build configuration list for PBXNativeTarget "Reader" */;
			buildPhases = (
				5F3054341C7D197F00E0CFE6 /* Sources */,
				5F3054351C7D197F00E0CFE6 /* Frameworks */,
				5F3054361C7D197F00E0CFE6 /* Resources */,
			);
			buildRules = (
			);
			dependencies = (
			);
			name = Reader;
			productName = Reader;
			productReference = 5F3054381C7D197F00E0CFE6 /* Reader.appex */;
			productType = "com.apple.product-type.app-extension";
		};
		5F4A713C1C6319E000676F91 /* fast-news-ios */ = {
			isa = PBXNativeTarget;
			buildConfigurationList = 5F4A71511C6319E000676F91 /* Build configuration list for PBXNativeTarget "fast-news-ios" */;
			buildPhases = (
				0BAAB9105729C3FEBB8FACF1 /* Check Pods Manifest.lock */,
				5F4A71391C6319E000676F91 /* Sources */,
				5F4A713A1C6319E000676F91 /* Frameworks */,
				5F4A713B1C6319E000676F91 /* Resources */,
				2DA6F9F7E5918072C7A05B08 /* Embed Pods Frameworks */,
				6C2BA2CC68822CDF3347E7A6 /* Copy Pods Resources */,
				5F3054461C7D198000E0CFE6 /* Embed App Extensions */,
			);
			buildRules = (
			);
			dependencies = (
				5F3054411C7D197F00E0CFE6 /* PBXTargetDependency */,
			);
			name = "fast-news-ios";
			productName = "fast-news-ios";
			productReference = 5F4A713D1C6319E000676F91 /* fast-news-ios.app */;
			productType = "com.apple.product-type.application";
		};
/* End PBXNativeTarget section */

/* Begin PBXProject section */
		5F4A71351C6319E000676F91 /* Project object */ = {
			isa = PBXProject;
			attributes = {
				LastSwiftUpdateCheck = 0720;
				LastUpgradeCheck = 0720;
				ORGANIZATIONNAME = "Nate Parrott";
				TargetAttributes = {
					5F3054371C7D197F00E0CFE6 = {
						CreatedOnToolsVersion = 7.2.1;
						DevelopmentTeam = VPN8ZW6EAC;
						SystemCapabilities = {
							com.apple.iCloud = {
								enabled = 1;
							};
						};
					};
					5F4A713C1C6319E000676F91 = {
						CreatedOnToolsVersion = 7.2;
						DevelopmentTeam = VPN8ZW6EAC;
						SystemCapabilities = {
							com.apple.iCloud = {
								enabled = 1;
							};
						};
					};
				};
			};
			buildConfigurationList = 5F4A71381C6319E000676F91 /* Build configuration list for PBXProject "fast-news-ios" */;
			compatibilityVersion = "Xcode 3.2";
			developmentRegion = English;
			hasScannedForEncodings = 0;
			knownRegions = (
				en,
				Base,
			);
			mainGroup = 5F4A71341C6319E000676F91;
			productRefGroup = 5F4A713E1C6319E000676F91 /* Products */;
			projectDirPath = "";
			projectRoot = "";
			targets = (
				5F4A713C1C6319E000676F91 /* fast-news-ios */,
				5F3054371C7D197F00E0CFE6 /* Reader */,
			);
		};
/* End PBXProject section */

/* Begin PBXResourcesBuildPhase section */
		5F3054361C7D197F00E0CFE6 /* Resources */ = {
			isa = PBXResourcesBuildPhase;
			buildActionMask = 2147483647;
			files = (
				5F40C3971C7D1FB100B045A4 /* Main.storyboard in Resources */,
				5F3054641C7D1A6600E0CFE6 /* Assets.xcassets in Resources */,
				5F30543E1C7D197F00E0CFE6 /* MainInterface.storyboard in Resources */,
				5F40C3981C7D204400B045A4 /* LeagueSpartan-Bold.otf in Resources */,
			);
			runOnlyForDeploymentPostprocessing = 0;
		};
		5F4A713B1C6319E000676F91 /* Resources */ = {
			isa = PBXResourcesBuildPhase;
			buildActionMask = 2147483647;
			files = (
				5F4A714D1C6319E000676F91 /* LaunchScreen.storyboard in Resources */,
				5F0CC61E1C6C51BA0071A026 /* Asap-BoldItalic.otf in Resources */,
				5F0CC63A1C6D526E0071A026 /* RobotoMono-Italic.ttf in Resources */,
				5F0CC6201C6C51BA0071A026 /* Asap-Medium.otf in Resources */,
				5F0CC6221C6C51BA0071A026 /* Asap-Regular.otf in Resources */,
				5F4A714A1C6319E000676F91 /* Assets.xcassets in Resources */,
				5F59D8AE1C79455800C3E1C3 /* LeagueSpartan-Bold.otf in Resources */,
				5F4A71481C6319E000676F91 /* Main.storyboard in Resources */,
				5F0CC63B1C6D526E0071A026 /* RobotoMono-Regular.ttf in Resources */,
				5F0CC6211C6C51BA0071A026 /* Asap-MediumItalic.otf in Resources */,
				5F0CC6391C6D526E0071A026 /* RobotoMono-BoldItalic.ttf in Resources */,
				5F0CC61F1C6C51BA0071A026 /* Asap-Italic.otf in Resources */,
				5F0CC6381C6D526E0071A026 /* RobotoMono-Bold.ttf in Resources */,
				5F0CC6271C6C57810071A026 /* AbrilFatface-Regular.otf in Resources */,
				5F0CC61D1C6C51BA0071A026 /* Asap-Bold.otf in Resources */,
			);
			runOnlyForDeploymentPostprocessing = 0;
		};
/* End PBXResourcesBuildPhase section */

/* Begin PBXShellScriptBuildPhase section */
		0BAAB9105729C3FEBB8FACF1 /* Check Pods Manifest.lock */ = {
			isa = PBXShellScriptBuildPhase;
			buildActionMask = 2147483647;
			files = (
			);
			inputPaths = (
			);
			name = "Check Pods Manifest.lock";
			outputPaths = (
			);
			runOnlyForDeploymentPostprocessing = 0;
			shellPath = /bin/sh;
			shellScript = "diff \"${PODS_ROOT}/../Podfile.lock\" \"${PODS_ROOT}/Manifest.lock\" > /dev/null\nif [[ $? != 0 ]] ; then\n    cat << EOM\nerror: The sandbox is not in sync with the Podfile.lock. Run 'pod install' or update your CocoaPods installation.\nEOM\n    exit 1\nfi\n";
			showEnvVarsInLog = 0;
		};
		2DA6F9F7E5918072C7A05B08 /* Embed Pods Frameworks */ = {
			isa = PBXShellScriptBuildPhase;
			buildActionMask = 2147483647;
			files = (
			);
			inputPaths = (
			);
			name = "Embed Pods Frameworks";
			outputPaths = (
			);
			runOnlyForDeploymentPostprocessing = 0;
			shellPath = /bin/sh;
			shellScript = "\"${SRCROOT}/Pods/Target Support Files/Pods-fast-news-ios/Pods-fast-news-ios-frameworks.sh\"\n";
			showEnvVarsInLog = 0;
		};
		6C2BA2CC68822CDF3347E7A6 /* Copy Pods Resources */ = {
			isa = PBXShellScriptBuildPhase;
			buildActionMask = 2147483647;
			files = (
			);
			inputPaths = (
			);
			name = "Copy Pods Resources";
			outputPaths = (
			);
			runOnlyForDeploymentPostprocessing = 0;
			shellPath = /bin/sh;
			shellScript = "\"${SRCROOT}/Pods/Target Support Files/Pods-fast-news-ios/Pods-fast-news-ios-resources.sh\"\n";
			showEnvVarsInLog = 0;
		};
/* End PBXShellScriptBuildPhase section */

/* Begin PBXSourcesBuildPhase section */
		5F3054341C7D197F00E0CFE6 /* Sources */ = {
			isa = PBXSourcesBuildPhase;
			buildActionMask = 2147483647;
			files = (
				5F40C3961C7D1DED00B045A4 /* SSWDirectionalPanGestureRecognizer.m in Sources */,
				5F3054501C7D1A3C00E0CFE6 /* Article.swift in Sources */,
				5F4FDB0C1C836C0F0049C61A /* SwipePager.swift in Sources */,
				5F3054601C7D1A5B00E0CFE6 /* UIImage+Tiny.swift in Sources */,
				5F30544D1C7D1A3C00E0CFE6 /* APIIdentity.swift in Sources */,
				5F4FDB0F1C836CCE0049C61A /* ArticleSegmentCell.swift in Sources */,
				5F30545A1C7D1A5B00E0CFE6 /* CGMath.swift in Sources */,
				5F4FDB151C8381BB0049C61A /* FNNavigationController.swift in Sources */,
				5F30544E1C7D1A3C00E0CFE6 /* Feed.swift in Sources */,
				5F30543B1C7D197F00E0CFE6 /* ActionViewController.swift in Sources */,
				5F40C3991C7D210300B045A4 /* Defs.swift in Sources */,
				5F3054531C7D1A3C00E0CFE6 /* Subscription.swift in Sources */,
				5F3054471C7D1A3700E0CFE6 /* ArticleViewController.swift in Sources */,
				5F3054541C7D1A5B00E0CFE6 /* NetImageView.swift in Sources */,
				5F3054611C7D1A5B00E0CFE6 /* Color.swift in Sources */,
				5F3054521C7D1A3C00E0CFE6 /* SubscriptionsList.swift in Sources */,
				5F30545D1C7D1A5B00E0CFE6 /* Theme.swift in Sources */,
				5F30544A1C7D1A3700E0CFE6 /* SafariVCActivity.swift in Sources */,
				5F3054481C7D1A3700E0CFE6 /* TextSegmentTableViewCell.swift in Sources */,
				5F3054631C7D1A5B00E0CFE6 /* BinarySearch.swift in Sources */,
				5F30545B1C7D1A5B00E0CFE6 /* NSData+MD5.swift in Sources */,
				5F3054581C7D1A5B00E0CFE6 /* FNSplitViewController.swift in Sources */,
				5F30544C1C7D1A3C00E0CFE6 /* APIObject.swift in Sources */,
				5F3054491C7D1A3700E0CFE6 /* ImageSegmentTableViewCell.swift in Sources */,
				5F30545C1C7D1A5B00E0CFE6 /* Utils.swift in Sources */,
				5F4C8A0D1C7E561B00DAD73C /* InlineWebView.swift in Sources */,
				5F30544F1C7D1A3C00E0CFE6 /* Source.swift in Sources */,
				5F30544B1C7D1A3700E0CFE6 /* SwipeAwayViewController.swift in Sources */,
				5F3054621C7D1A5B00E0CFE6 /* Pixel.swift in Sources */,
				5F30545E1C7D1A5B00E0CFE6 /* NSAttributedString+TrimWhitespace.swift in Sources */,
				5F3054571C7D1A5B00E0CFE6 /* Pusher.swift in Sources */,
				5F3054561C7D1A5B00E0CFE6 /* UIImage+Resize.swift in Sources */,
				5F3054591C7D1A5B00E0CFE6 /* EVComplexLayout.m in Sources */,
				5F4FDB121C8371580049C61A /* ArticlePageView.swift in Sources */,
				5F3054511C7D1A3C00E0CFE6 /* Content.swift in Sources */,
				5F30545F1C7D1A5B00E0CFE6 /* CommonExtensions.swift in Sources */,
				5F3054551C7D1A5B00E0CFE6 /* Queues.swift in Sources */,
			);
			runOnlyForDeploymentPostprocessing = 0;
		};
		5F4A71391C6319E000676F91 /* Sources */ = {
			isa = PBXSourcesBuildPhase;
			buildActionMask = 2147483647;
			files = (
				5F5E4D981C6E434C009C3446 /* BookmarksViewController.swift in Sources */,
				5F5E4DA91C700D7E009C3446 /* SwipeAwayViewController.swift in Sources */,
				5F4A715B1C63237B00676F91 /* Article.swift in Sources */,
				5F57066F1C63C74400140078 /* FeedViewController.swift in Sources */,
				5F59D8AC1C791D7600C3E1C3 /* Pixel.swift in Sources */,
				5F0CC62A1C6C59CB0071A026 /* EVComplexLayout.m in Sources */,
				5F4A71591C63237300676F91 /* Feed.swift in Sources */,
				5F30546C1C7D1BFD00E0CFE6 /* Defs.swift in Sources */,
				5F73F1791C76A8DF00DA2981 /* NSAttributedString+TrimWhitespace.swift in Sources */,
				5F4FDB141C8381BB0049C61A /* FNNavigationController.swift in Sources */,
				5F5706731C65E18300140078 /* Subscription.swift in Sources */,
				5F5E4DA31C6FDE79009C3446 /* NSData+MD5.swift in Sources */,
				5F59D8B01C7BC25700C3E1C3 /* BinarySearch.swift in Sources */,
				5F3054311C7CE13A00E0CFE6 /* Color.swift in Sources */,
				5F4C8A0C1C7E561B00DAD73C /* InlineWebView.swift in Sources */,
				5F59D8AA1C791B1F00C3E1C3 /* UIImage+Tiny.swift in Sources */,
				5F5E4DAC1C71014D009C3446 /* Utils.swift in Sources */,
				5F4FDB111C8371580049C61A /* ArticlePageView.swift in Sources */,
				5F5E4DA51C6FDEA7009C3446 /* APIIdentity.swift in Sources */,
				5F0CC62C1C6C5A1F0071A026 /* NetImageView.swift in Sources */,
				5FCDF4441C6BF77000A50A75 /* SourceViewController.swift in Sources */,
				5F0CC63D1C6D6BEB0071A026 /* ArticleCell.swift in Sources */,
				5F5706771C6636C400140078 /* SubscriptionsViewController.swift in Sources */,
				5F5E4D9A1C6E45A1009C3446 /* ArticleView.swift in Sources */,
				5F4A71411C6319E000676F91 /* AppDelegate.swift in Sources */,
				5F5706711C65E17C00140078 /* SubscriptionsList.swift in Sources */,
				5F5E4DDC1C743389009C3446 /* Content.swift in Sources */,
				5F3054331C7CE33200E0CFE6 /* SafariVCActivity.swift in Sources */,
				5FCDF4421C6BF75F00A50A75 /* ArticleViewController.swift in Sources */,
				5F73F17B1C77C91600DA2981 /* TextSegmentTableViewCell.swift in Sources */,
				5F4FDB0E1C836CCE0049C61A /* ArticleSegmentCell.swift in Sources */,
				5F0CC6251C6C551E0071A026 /* FNSplitViewController.swift in Sources */,
				5F0CC62E1C6C5A320071A026 /* FeedCell.swift in Sources */,
				5F0CC6331C6C661A0071A026 /* CGMath.swift in Sources */,
				5F8D9F321C6C0AFE00F0FFBE /* EnableSPDY.m in Sources */,
				5F4FDB0B1C836C020049C61A /* SwipePager.swift in Sources */,
				5F5E4D9E1C6F0D29009C3446 /* UIImage+Resize.swift in Sources */,
				5F4A71571C63236C00676F91 /* Source.swift in Sources */,
				5F0CC6311C6C5FD20071A026 /* Queues.swift in Sources */,
				5F4A715D1C63288000676F91 /* Pusher.swift in Sources */,
				5F73F17D1C77C92300DA2981 /* ImageSegmentTableViewCell.swift in Sources */,
				5FCDF4401C6BCD6700A50A75 /* CommonExtensions.swift in Sources */,
				5F5E4DAE1C710162009C3446 /* Theme.swift in Sources */,
				5F4A71551C631E9400676F91 /* APIObject.swift in Sources */,
				5FCDF4481C6BFAFB00A50A75 /* ArticleCollectionViewController.swift in Sources */,
			);
			runOnlyForDeploymentPostprocessing = 0;
		};
/* End PBXSourcesBuildPhase section */

/* Begin PBXTargetDependency section */
		5F3054411C7D197F00E0CFE6 /* PBXTargetDependency */ = {
			isa = PBXTargetDependency;
			target = 5F3054371C7D197F00E0CFE6 /* Reader */;
			targetProxy = 5F3054401C7D197F00E0CFE6 /* PBXContainerItemProxy */;
		};
/* End PBXTargetDependency section */

/* Begin PBXVariantGroup section */
		5F30543C1C7D197F00E0CFE6 /* MainInterface.storyboard */ = {
			isa = PBXVariantGroup;
			children = (
				5F30543D1C7D197F00E0CFE6 /* Base */,
			);
			name = MainInterface.storyboard;
			sourceTree = "<group>";
		};
		5F4A71461C6319E000676F91 /* Main.storyboard */ = {
			isa = PBXVariantGroup;
			children = (
				5F4A71471C6319E000676F91 /* Base */,
			);
			name = Main.storyboard;
			sourceTree = "<group>";
		};
		5F4A714B1C6319E000676F91 /* LaunchScreen.storyboard */ = {
			isa = PBXVariantGroup;
			children = (
				5F4A714C1C6319E000676F91 /* Base */,
			);
			name = LaunchScreen.storyboard;
			sourceTree = "<group>";
		};
/* End PBXVariantGroup section */

/* Begin XCBuildConfiguration section */
		5F3054431C7D198000E0CFE6 /* Debug */ = {
			isa = XCBuildConfiguration;
			buildSettings = {
				CODE_SIGN_ENTITLEMENTS = Reader/Reader.entitlements;
				CODE_SIGN_IDENTITY = "iPhone Developer";
				"CODE_SIGN_IDENTITY[sdk=iphoneos*]" = "iPhone Developer";
				INFOPLIST_FILE = Reader/Info.plist;
				LD_RUNPATH_SEARCH_PATHS = "$(inherited) @executable_path/Frameworks @executable_path/../../Frameworks";
				PRODUCT_BUNDLE_IDENTIFIER = com.nateparrott.subscribed.Reader;
				PRODUCT_NAME = "$(TARGET_NAME)";
				PROVISIONING_PROFILE = "";
				SKIP_INSTALL = YES;
				SWIFT_OBJC_BRIDGING_HEADER = "Reader/Reader-bridging-header.h";
			};
			name = Debug;
		};
		5F3054441C7D198000E0CFE6 /* Release */ = {
			isa = XCBuildConfiguration;
			buildSettings = {
				CODE_SIGN_ENTITLEMENTS = Reader/Reader.entitlements;
				CODE_SIGN_IDENTITY = "iPhone Developer";
				"CODE_SIGN_IDENTITY[sdk=iphoneos*]" = "iPhone Developer";
				INFOPLIST_FILE = Reader/Info.plist;
				LD_RUNPATH_SEARCH_PATHS = "$(inherited) @executable_path/Frameworks @executable_path/../../Frameworks";
				PRODUCT_BUNDLE_IDENTIFIER = com.nateparrott.subscribed.Reader;
				PRODUCT_NAME = "$(TARGET_NAME)";
				PROVISIONING_PROFILE = "";
				SKIP_INSTALL = YES;
				SWIFT_OBJC_BRIDGING_HEADER = "Reader/Reader-bridging-header.h";
			};
			name = Release;
		};
		5F4A714F1C6319E000676F91 /* Debug */ = {
			isa = XCBuildConfiguration;
			buildSettings = {
				ALWAYS_SEARCH_USER_PATHS = NO;
				CLANG_CXX_LANGUAGE_STANDARD = "gnu++0x";
				CLANG_CXX_LIBRARY = "libc++";
				CLANG_ENABLE_MODULES = YES;
				CLANG_ENABLE_OBJC_ARC = YES;
				CLANG_WARN_BOOL_CONVERSION = YES;
				CLANG_WARN_CONSTANT_CONVERSION = YES;
				CLANG_WARN_DIRECT_OBJC_ISA_USAGE = YES_ERROR;
				CLANG_WARN_EMPTY_BODY = YES;
				CLANG_WARN_ENUM_CONVERSION = YES;
				CLANG_WARN_INT_CONVERSION = YES;
				CLANG_WARN_OBJC_ROOT_CLASS = YES_ERROR;
				CLANG_WARN_UNREACHABLE_CODE = YES;
				CLANG_WARN__DUPLICATE_METHOD_MATCH = YES;
				"CODE_SIGN_IDENTITY[sdk=iphoneos*]" = "iPhone Developer";
				COPY_PHASE_STRIP = NO;
				DEBUG_INFORMATION_FORMAT = dwarf;
				ENABLE_STRICT_OBJC_MSGSEND = YES;
				ENABLE_TESTABILITY = YES;
				GCC_C_LANGUAGE_STANDARD = gnu99;
				GCC_DYNAMIC_NO_PIC = NO;
				GCC_NO_COMMON_BLOCKS = YES;
				GCC_OPTIMIZATION_LEVEL = 0;
				GCC_PREPROCESSOR_DEFINITIONS = (
					"DEBUG=1",
					"$(inherited)",
				);
				GCC_WARN_64_TO_32_BIT_CONVERSION = YES;
				GCC_WARN_ABOUT_RETURN_TYPE = YES_ERROR;
				GCC_WARN_UNDECLARED_SELECTOR = YES;
				GCC_WARN_UNINITIALIZED_AUTOS = YES_AGGRESSIVE;
				GCC_WARN_UNUSED_FUNCTION = YES;
				GCC_WARN_UNUSED_VARIABLE = YES;
				IPHONEOS_DEPLOYMENT_TARGET = 9.2;
				MTL_ENABLE_DEBUG_INFO = YES;
				ONLY_ACTIVE_ARCH = YES;
				SDKROOT = iphoneos;
				SWIFT_OPTIMIZATION_LEVEL = "-Onone";
				TARGETED_DEVICE_FAMILY = "1,2";
			};
			name = Debug;
		};
		5F4A71501C6319E000676F91 /* Release */ = {
			isa = XCBuildConfiguration;
			buildSettings = {
				ALWAYS_SEARCH_USER_PATHS = NO;
				CLANG_CXX_LANGUAGE_STANDARD = "gnu++0x";
				CLANG_CXX_LIBRARY = "libc++";
				CLANG_ENABLE_MODULES = YES;
				CLANG_ENABLE_OBJC_ARC = YES;
				CLANG_WARN_BOOL_CONVERSION = YES;
				CLANG_WARN_CONSTANT_CONVERSION = YES;
				CLANG_WARN_DIRECT_OBJC_ISA_USAGE = YES_ERROR;
				CLANG_WARN_EMPTY_BODY = YES;
				CLANG_WARN_ENUM_CONVERSION = YES;
				CLANG_WARN_INT_CONVERSION = YES;
				CLANG_WARN_OBJC_ROOT_CLASS = YES_ERROR;
				CLANG_WARN_UNREACHABLE_CODE = YES;
				CLANG_WARN__DUPLICATE_METHOD_MATCH = YES;
				"CODE_SIGN_IDENTITY[sdk=iphoneos*]" = "iPhone Developer";
				COPY_PHASE_STRIP = NO;
				DEBUG_INFORMATION_FORMAT = "dwarf-with-dsym";
				ENABLE_NS_ASSERTIONS = NO;
				ENABLE_STRICT_OBJC_MSGSEND = YES;
				GCC_C_LANGUAGE_STANDARD = gnu99;
				GCC_NO_COMMON_BLOCKS = YES;
				GCC_WARN_64_TO_32_BIT_CONVERSION = YES;
				GCC_WARN_ABOUT_RETURN_TYPE = YES_ERROR;
				GCC_WARN_UNDECLARED_SELECTOR = YES;
				GCC_WARN_UNINITIALIZED_AUTOS = YES_AGGRESSIVE;
				GCC_WARN_UNUSED_FUNCTION = YES;
				GCC_WARN_UNUSED_VARIABLE = YES;
				IPHONEOS_DEPLOYMENT_TARGET = 9.2;
				MTL_ENABLE_DEBUG_INFO = NO;
				SDKROOT = iphoneos;
				TARGETED_DEVICE_FAMILY = "1,2";
				VALIDATE_PRODUCT = YES;
			};
			name = Release;
		};
		5F4A71521C6319E000676F91 /* Debug */ = {
			isa = XCBuildConfiguration;
			baseConfigurationReference = C0848AEAC746D72B580AA7EF /* Pods-fast-news-ios.debug.xcconfig */;
			buildSettings = {
				ASSETCATALOG_COMPILER_APPICON_NAME = AppIcon;
				CLANG_ALLOW_NON_MODULAR_INCLUDES_IN_FRAMEWORK_MODULES = YES;
				CLANG_ENABLE_MODULES = YES;
				CODE_SIGN_ENTITLEMENTS = "fast-news-ios/fast-news-ios.entitlements";
				CODE_SIGN_IDENTITY = "iPhone Developer";
				"CODE_SIGN_IDENTITY[sdk=iphoneos*]" = "iPhone Developer";
				EMBEDDED_CONTENT_CONTAINS_SWIFT = YES;
				INFOPLIST_FILE = "fast-news-ios/Info.plist";
				LD_RUNPATH_SEARCH_PATHS = "$(inherited) @executable_path/Frameworks";
				PRODUCT_BUNDLE_IDENTIFIER = com.nateparrott.subscribed;
				PRODUCT_NAME = "$(TARGET_NAME)";
				PROVISIONING_PROFILE = "";
				SWIFT_OBJC_BRIDGING_HEADER = "fast-news-ios/fast-news-ios-Bridging-Header.h";
				SWIFT_OPTIMIZATION_LEVEL = "-Onone";
			};
			name = Debug;
		};
		5F4A71531C6319E000676F91 /* Release */ = {
			isa = XCBuildConfiguration;
			baseConfigurationReference = C8692EA5BF694EAB0375ECAB /* Pods-fast-news-ios.release.xcconfig */;
			buildSettings = {
				ASSETCATALOG_COMPILER_APPICON_NAME = AppIcon;
				CLANG_ALLOW_NON_MODULAR_INCLUDES_IN_FRAMEWORK_MODULES = YES;
				CLANG_ENABLE_MODULES = YES;
				CODE_SIGN_ENTITLEMENTS = "fast-news-ios/fast-news-ios.entitlements";
				CODE_SIGN_IDENTITY = "iPhone Developer";
				"CODE_SIGN_IDENTITY[sdk=iphoneos*]" = "iPhone Developer";
				EMBEDDED_CONTENT_CONTAINS_SWIFT = YES;
				INFOPLIST_FILE = "fast-news-ios/Info.plist";
				LD_RUNPATH_SEARCH_PATHS = "$(inherited) @executable_path/Frameworks";
				PRODUCT_BUNDLE_IDENTIFIER = com.nateparrott.subscribed;
				PRODUCT_NAME = "$(TARGET_NAME)";
				PROVISIONING_PROFILE = "";
				SWIFT_OBJC_BRIDGING_HEADER = "fast-news-ios/fast-news-ios-Bridging-Header.h";
			};
			name = Release;
		};
/* End XCBuildConfiguration section */

/* Begin XCConfigurationList section */
		5F3054451C7D198000E0CFE6 /* Build configuration list for PBXNativeTarget "Reader" */ = {
			isa = XCConfigurationList;
			buildConfigurations = (
				5F3054431C7D198000E0CFE6 /* Debug */,
				5F3054441C7D198000E0CFE6 /* Release */,
			);
			defaultConfigurationIsVisible = 0;
			defaultConfigurationName = Release;
		};
		5F4A71381C6319E000676F91 /* Build configuration list for PBXProject "fast-news-ios" */ = {
			isa = XCConfigurationList;
			buildConfigurations = (
				5F4A714F1C6319E000676F91 /* Debug */,
				5F4A71501C6319E000676F91 /* Release */,
			);
			defaultConfigurationIsVisible = 0;
			defaultConfigurationName = Release;
		};
		5F4A71511C6319E000676F91 /* Build configuration list for PBXNativeTarget "fast-news-ios" */ = {
			isa = XCConfigurationList;
			buildConfigurations = (
				5F4A71521C6319E000676F91 /* Debug */,
				5F4A71531C6319E000676F91 /* Release */,
			);
			defaultConfigurationIsVisible = 0;
			defaultConfigurationName = Release;
		};
/* End XCConfigurationList section */
	};
	rootObject = 5F4A71351C6319E000676F91 /* Project object */;
}
